// !$*UTF8*$!
{
	archiveVersion = 1;
	classes = {
	};
	objectVersion = 46;
	objects = {

/* Begin PBXBuildFile section */
		924628F31B23CD9E00FAA4CB /* main.c in Sources */ = {isa = PBXBuildFile; fileRef = 924628F21B23CD9E00FAA4CB /* main.c */; };
/* End PBXBuildFile section */

/* Begin PBXCopyFilesBuildPhase section */
		924628ED1B23CD9E00FAA4CB /* CopyFiles */ = {
			isa = PBXCopyFilesBuildPhase;
			buildActionMask = 2147483647;
			dstPath = /usr/share/man/man1/;
			dstSubfolderSpec = 0;
			files = (
			);
			runOnlyForDeploymentPostprocessing = 1;
		};
/* End PBXCopyFilesBuildPhase section */

/* Begin PBXFileReference section */
		924628EF1B23CD9E00FAA4CB /* impulse */ = {isa = PBXFileReference; explicitFileType = "compiled.mach-o.executable"; includeInIndex = 0; path = impulse; sourceTree = BUILT_PRODUCTS_DIR; };
		924628F21B23CD9E00FAA4CB /* main.c */ = {isa = PBXFileReference; lastKnownFileType = sourcecode.c.c; path = main.c; sourceTree = "<group>"; };
/* End PBXFileReference section */

/* Begin PBXFrameworksBuildPhase section */
		924628EC1B23CD9E00FAA4CB /* Frameworks */ = {
			isa = PBXFrameworksBuildPhase;
			buildActionMask = 2147483647;
			files = (
			);
			runOnlyForDeploymentPostprocessing = 0;
		};
/* End PBXFrameworksBuildPhase section */

/* Begin PBXGroup section */
		924628E61B23CD9D00FAA4CB = {
			isa = PBXGroup;
			children = (
				924628F11B23CD9E00FAA4CB /* impulse */,
				924628F01B23CD9E00FAA4CB /* Products */,
			);
			sourceTree = "<group>";
		};
		924628F01B23CD9E00FAA4CB /* Products */ = {
			isa = PBXGroup;
			children = (
				924628EF1B23CD9E00FAA4CB /* impulse */,
			);
			name = Products;
			sourceTree = "<group>";
		};
		924628F11B23CD9E00FAA4CB /* impulse */ = {
			isa = PBXGroup;
			children = (
				924628F21B23CD9E00FAA4CB /* main.c */,
			);
			path = impulse;
			sourceTree = "<group>";
		};
/* End PBXGroup section */

/* Begin PBXNativeTarget section */
		924628EE1B23CD9E00FAA4CB /* impulse */ = {
			isa = PBXNativeTarget;
			buildConfigurationList = 924628F61B23CD9E00FAA4CB /* Build configuration list for PBXNativeTarget "impulse" */;
			buildPhases = (
				924628EB1B23CD9E00FAA4CB /* Sources */,
				924628EC1B23CD9E00FAA4CB /* Frameworks */,
				924628ED1B23CD9E00FAA4CB /* CopyFiles */,
			);
			buildRules = (
			);
			dependencies = (
			);
			name = impulse;
			productName = impulse;
			productReference = 924628EF1B23CD9E00FAA4CB /* impulse */;
			productType = "com.apple.product-type.tool";
		};
/* End PBXNativeTarget section */

/* Begin PBXProject section */
		924628E71B23CD9D00FAA4CB /* Project object */ = {
			isa = PBXProject;
			attributes = {
				LastUpgradeCheck = 0620;
				ORGANIZATIONNAME = "Mackenzie Starr";
				TargetAttributes = {
					924628EE1B23CD9E00FAA4CB = {
						CreatedOnToolsVersion = 6.2;
					};
				};
			};
			buildConfigurationList = 924628EA1B23CD9E00FAA4CB /* Build configuration list for PBXProject "impulse" */;
			compatibilityVersion = "Xcode 3.2";
			developmentRegion = English;
			hasScannedForEncodings = 0;
			knownRegions = (
				en,
			);
			mainGroup = 924628E61B23CD9D00FAA4CB;
			productRefGroup = 924628F01B23CD9E00FAA4CB /* Products */;
			projectDirPath = "";
			projectRoot = "";
			targets = (
				924628EE1B23CD9E00FAA4CB /* impulse */,
			);
		};
/* End PBXProject section */

/* Begin PBXSourcesBuildPhase section */
		924628EB1B23CD9E00FAA4CB /* Sources */ = {
			isa = PBXSourcesBuildPhase;
			buildActionMask = 2147483647;
			files = (
				924628F31B23CD9E00FAA4CB /* main.c in Sources */,
			);
			runOnlyForDeploymentPostprocessing = 0;
		};
/* End PBXSourcesBuildPhase section */

/* Begin XCBuildConfiguration section */
		924628F41B23CD9E00FAA4CB /* Debug */ = {
			isa = XCBuildConfiguration;
			buildSettings = {
				ALWAYS_SEARCH_USER_PATHS = NO;
				CLANG_CXX_LANGUAGE_STANDARD = "gnu++0x";
				CLANG_CXX_LIBRARY = "libc++";
				CLANG_ENABLE_MODULES = YES;
				CLANG_ENABLE_OBJC_ARC = YES;
				CLANG_WARN_BOOL_CONVERSION = YES;
				CLANG_WARN_CONSTANT_CONVERSION = YES;
				CLANG_WARN_DIRECT_OBJC_ISA_USAGE = YES_ERROR;
				CLANG_WARN_EMPTY_BODY = YES;
				CLANG_WARN_ENUM_CONVERSION = YES;
				CLANG_WARN_INT_CONVERSION = YES;
				CLANG_WARN_OBJC_ROOT_CLASS = YES_ERROR;
				CLANG_WARN_UNREACHABLE_CODE = YES;
				CLANG_WARN__DUPLICATE_METHOD_MATCH = YES;
				COPY_PHASE_STRIP = NO;
				ENABLE_STRICT_OBJC_MSGSEND = YES;
				GCC_C_LANGUAGE_STANDARD = gnu99;
				GCC_DYNAMIC_NO_PIC = NO;
				GCC_OPTIMIZATION_LEVEL = 0;
				GCC_PREPROCESSOR_DEFINITIONS = (
					"DEBUG=1",
					"$(inherited)",
				);
				GCC_SYMBOLS_PRIVATE_EXTERN = NO;
				GCC_WARN_64_TO_32_BIT_CONVERSION = YES;
				GCC_WARN_ABOUT_RETURN_TYPE = YES_ERROR;
				GCC_WARN_UNDECLARED_SELECTOR = YES;
				GCC_WARN_UNINITIALIZED_AUTOS = YES_AGGRESSIVE;
				GCC_WARN_UNUSED_FUNCTION = YES;
				GCC_WARN_UNUSED_VARIABLE = YES;
				MACOSX_DEPLOYMENT_TARGET = 10.9;
				MTL_ENABLE_DEBUG_INFO = YES;
				ONLY_ACTIVE_ARCH = YES;
				SDKROOT = macosx;
			};
			name = Debug;
		};
		924628F51B23CD9E00FAA4CB /* Release */ = {
			isa = XCBuildConfiguration;
			buildSettings = {
				ALWAYS_SEARCH_USER_PATHS = NO;
				CLANG_CXX_LANGUAGE_STANDARD = "gnu++0x";
				CLANG_CXX_LIBRARY = "libc++";
				CLANG_ENABLE_MODULES = YES;
				CLANG_ENABLE_OBJC_ARC = YES;
				CLANG_WARN_BOOL_CONVERSION = YES;
				CLANG_WARN_CONSTANT_CONVERSION = YES;
				CLANG_WARN_DIRECT_OBJC_ISA_USAGE = YES_ERROR;
				CLANG_WARN_EMPTY_BODY = YES;
				CLANG_WARN_ENUM_CONVERSION = YES;
				CLANG_WARN_INT_CONVERSION = YES;
				CLANG_WARN_OBJC_ROOT_CLASS = YES_ERROR;
				CLANG_WARN_UNREACHABLE_CODE = YES;
				CLANG_WARN__DUPLICATE_METHOD_MATCH = YES;
				COPY_PHASE_STRIP = NO;
				DEBUG_INFORMATION_FORMAT = "dwarf-with-dsym";
				ENABLE_NS_ASSERTIONS = NO;
				ENABLE_STRICT_OBJC_MSGSEND = YES;
				GCC_C_LANGUAGE_STANDARD = gnu99;
				GCC_WARN_64_TO_32_BIT_CONVERSION = YES;
				GCC_WARN_ABOUT_RETURN_TYPE = YES_ERROR;
				GCC_WARN_UNDECLARED_SELECTOR = YES;
				GCC_WARN_UNINITIALIZED_AUTOS = YES_AGGRESSIVE;
				GCC_WARN_UNUSED_FUNCTION = YES;
				GCC_WARN_UNUSED_VARIABLE = YES;
				MACOSX_DEPLOYMENT_TARGET = 10.9;
				MTL_ENABLE_DEBUG_INFO = NO;
				SDKROOT = macosx;
			};
			name = Release;
		};
		924628F71B23CD9E00FAA4CB /* Debug */ = {
			isa = XCBuildConfiguration;
			buildSettings = {
				PRODUCT_NAME = "$(TARGET_NAME)";
			};
			name = Debug;
		};
		924628F81B23CD9E00FAA4CB /* Release */ = {
			isa = XCBuildConfiguration;
			buildSettings = {
				PRODUCT_NAME = "$(TARGET_NAME)";
			};
			name = Release;
		};
/* End XCBuildConfiguration section */

/* Begin XCConfigurationList section */
		924628EA1B23CD9E00FAA4CB /* Build configuration list for PBXProject "impulse" */ = {
			isa = XCConfigurationList;
			buildConfigurations = (
				924628F41B23CD9E00FAA4CB /* Debug */,
				924628F51B23CD9E00FAA4CB /* Release */,
			);
			defaultConfigurationIsVisible = 0;
			defaultConfigurationName = Release;
		};
		924628F61B23CD9E00FAA4CB /* Build configuration list for PBXNativeTarget "impulse" */ = {
			isa = XCConfigurationList;
			buildConfigurations = (
				924628F71B23CD9E00FAA4CB /* Debug */,
				924628F81B23CD9E00FAA4CB /* Release */,
			);
			defaultConfigurationIsVisible = 0;
		};
/* End XCConfigurationList section */
	};
	rootObject = 924628E71B23CD9D00FAA4CB /* Project object */;
}
